{
    "_meta": {
        "hash": {
            "sha256": "da1ea2544f5227d830c6837e7f17a749f9c8d81906660076a993cbab99b6c9ec"
        },
        "requires": {},
        "sources": [
            {
                "url": "https://pypi.python.org/simple",
                "verify_ssl": true
            }
        ]
    },
    "default": {
        "Django": {
            "hash": "sha256:0120b3b60760fb0617848b58aaa9702c0bf963320ed472f0879c5c55ab75b64a",
            "version": "==1.11"
        },
        "django-dotenv": "==1.4",
        "py2neo": "==3.1",
        "pymssql": {
            "hash": "sha256:08536da367a04f019e6f5cb99bafd4b9b28b818789338ac9245f771298c1d7e0",
            "version": "==2.1.3"
        },
        "pytz": {
            "hash": "sha256:d1d6729c85acea5423671382868627129432fba9a89ecbb248d8d1c7a9f01c67",
            "version": "==2017.2"
        },
        "tqdm": {
            "hash": "sha256:1621b3476c2224045d8bd57209aab006612a46ae2cc518b4a92ad988983e4c3d",
            "version": "==4.11.2"
        }
    },
    "develop": {}
}